
Microsoft Visual Studio Solution File, Format Version 12.00
# Visual Studio Version 16
VisualStudioVersion = 16.0.30804.86
MinimumVisualStudioVersion = 10.0.40219.1
Project("{FAE04EC0-301F-11D3-BF4B-00C04F79EFBC}") = "DayzXMLEditor", "DayzXMLEditor.csproj", "{83CDD36D-51B0-4B4E-A051-E277B28FB28D}"
EndProject
Global
	GlobalSection(SolutionConfigurationPlatforms) = preSolution
		Debug|Any CPU = Debug|Any CPU
		Release|Any CPU = Release|Any CPU
	EndGlobalSection
	GlobalSection(ProjectConfigurationPlatforms) = postSolution
		{83CDD36D-51B0-4B4E-A051-E277B28FB28D}.Debug|Any CPU.ActiveCfg = Debug|Any CPU
		{83CDD36D-51B0-4B4E-A051-E277B28FB28D}.Debug|Any CPU.Build.0 = Debug|Any CPU
		{83CDD36D-51B0-4B4E-A051-E277B28FB28D}.Release|Any CPU.ActiveCfg = Release|Any CPU
		{83CDD36D-51B0-4B4E-A051-E277B28FB28D}.Release|Any CPU.Build.0 = Release|Any CPU
	EndGlobalSection
	GlobalSection(SolutionProperties) = preSolution
		HideSolutionNode = FALSE
	EndGlobalSection
	GlobalSection(ExtensibilityGlobals) = postSolution
		SolutionGuid = {B5A76022-1476-4A13-9C3C-5A156E4AEEF3}
	EndGlobalSection
EndGlobal
